{
    "_readme": [
        "This file locks the dependencies of your project to a known state",
        "Read more about it at https://getcomposer.org/doc/01-basic-usage.md#composer-lock-the-lock-file",
        "This file is @generated automatically"
    ],
    "hash": "bebd6fe1223ba66841138114caed6e4d",
    "content-hash": "079f715a46065a845d41d2cb3905a78c",
    "packages": [
        {
            "name": "airtype/craft-httpmessagescachemiddleware",
            "version": "dev-develop",
            "source": {
                "type": "git",
                "url": "https://github.com/airtype/craft-httpmessagescachemiddleware.git",
                "reference": "ca04807d5af40abf6770dacd45f6feca3abcbfa2"
            },
            "dist": {
                "type": "zip",
                "url": "https://api.github.com/repos/airtype/craft-httpmessagescachemiddleware/zipball/ca04807d5af40abf6770dacd45f6feca3abcbfa2",
                "reference": "ca04807d5af40abf6770dacd45f6feca3abcbfa2",
                "shasum": ""
            },
            "require": {
                "composer/installers": "~1.0"
            },
            "type": "craft-plugin",
            "extra": {
                "installer-name": "httpmessagescachemiddleware"
            },
            "autoload": {
                "psr-4": {
                    "HttpMessagesCacheMiddleware\\": "src/"
                }
            },
            "notification-url": "https://packagist.org/downloads/",
            "authors": [
                {
                    "name": "Wes Rice",
                    "email": "wes@wesrice.com"
                }
            ],
            "time": "2016-03-23 16:23:10"
        },
        {
            "name": "airtype/craft-httpmessagescommercemiddleware",
            "version": "dev-develop",
            "source": {
                "type": "git",
                "url": "https://github.com/airtype/craft-httpmessagescommercemiddleware.git",
                "reference": "3f7a6db3e8b4bb73d7e29131859833207aec5bad"
            },
            "dist": {
                "type": "zip",
                "url": "https://api.github.com/repos/airtype/craft-httpmessagescommercemiddleware/zipball/3f7a6db3e8b4bb73d7e29131859833207aec5bad",
                "reference": "3f7a6db3e8b4bb73d7e29131859833207aec5bad",
                "shasum": ""
            },
            "require": {
                "composer/installers": "~1.0"
            },
            "type": "craft-plugin",
            "extra": {
                "installer-name": "httpmessagescommercemiddleware"
            },
            "autoload": {
                "psr-4": {
                    "HttpMessagesCommerceMiddleware\\": "src/"
                }
            },
            "notification-url": "https://packagist.org/downloads/",
            "authors": [
                {
                    "name": "Wes Rice",
                    "email": "wes@wesrice.com"
                }
            ],
            "time": "2016-03-23 16:35:05"
        },
        {
            "name": "airtype/craft-httpmessagesfractalmiddleware",
            "version": "dev-develop",
            "source": {
                "type": "git",
                "url": "https://github.com/airtype/craft-httpmessagesfractalmiddleware.git",
                "reference": "fc96568b21c765f19ee32a8590643ec8089d639f"
            },
            "dist": {
                "type": "zip",
                "url": "https://api.github.com/repos/airtype/craft-httpmessagesfractalmiddleware/zipball/fc96568b21c765f19ee32a8590643ec8089d639f",
                "reference": "fc96568b21c765f19ee32a8590643ec8089d639f",
                "shasum": ""
            },
            "require": {
                "composer/installers": "~1.0",
                "league/fractal": "^0.13.0"
            },
            "type": "craft-plugin",
            "extra": {
                "installer-name": "httpmessagesfractalmiddleware"
            },
            "autoload": {
                "psr-4": {
                    "HttpMessagesFractalMiddleware\\": "src/"
                }
            },
            "notification-url": "https://packagist.org/downloads/",
            "authors": [
                {
                    "name": "Wes Rice",
                    "email": "wes@wesrice.com"
                }
            ],
            "time": "2016-03-22 17:34:40"
        },
        {
            "name": "airtype/craft-httpmessagesrestmiddleware",
            "version": "dev-develop",
            "source": {
                "type": "git",
                "url": "https://github.com/airtype/craft-httpmessagesrestmiddleware.git",
                "reference": "83f27e3ffe87cbe124c7d10d0d4cf182ccf62af3"
            },
            "dist": {
                "type": "zip",
                "url": "https://api.github.com/repos/airtype/craft-httpmessagesrestmiddleware/zipball/83f27e3ffe87cbe124c7d10d0d4cf182ccf62af3",
                "reference": "83f27e3ffe87cbe124c7d10d0d4cf182ccf62af3",
                "shasum": ""
            },
            "require": {
                "composer/installers": "~1.0"
            },
            "type": "craft-plugin",
            "extra": {
                "installer-name": "httpmessages"
            },
            "autoload": {
                "psr-4": {
                    "HttpMessagesRestMiddleware\\": "src/"
                }
            },
            "notification-url": "https://packagist.org/downloads/",
            "authors": [
                {
                    "name": "Wes Rice",
                    "email": "wes@wesrice.com"
                }
            ],
            "time": "2016-03-23 16:16:15"
        },
        {
            "name": "airtype/craft-httpmessagesvalidationmiddleware",
            "version": "dev-develop",
            "source": {
                "type": "git",
                "url": "https://github.com/airtype/craft-httpmessagesvalidationmiddleware.git",
                "reference": "65a64387b91253989c849dc46edf1b62cc9e0dd3"
            },
            "dist": {
                "type": "zip",
                "url": "https://api.github.com/repos/airtype/craft-httpmessagesvalidationmiddleware/zipball/65a64387b91253989c849dc46edf1b62cc9e0dd3",
                "reference": "65a64387b91253989c849dc46edf1b62cc9e0dd3",
                "shasum": ""
            },
            "require": {
                "composer/installers": "~1.0",
                "respect/validation": "^1.0"
            },
            "type": "craft-plugin",
            "extra": {
                "installer-name": "httpmessagesvalidationmiddleware"
            },
            "autoload": {
                "psr-4": {
                    "HttpMessagesValidationMiddleware\\": "src/"
                }
            },
            "notification-url": "https://packagist.org/downloads/",
            "authors": [
                {
                    "name": "Wes Rice",
                    "email": "wes@wesrice.com"
                }
            ],
            "time": "2016-03-22 18:00:12"
        },
        {
            "name": "composer/installers",
            "version": "dev-master",
            "source": {
                "type": "git",
                "url": "https://github.com/composer/installers.git",
                "reference": "6aac6a0a931ad06780fa7c574f27178d48109ec7"
            },
            "dist": {
                "type": "zip",
                "url": "https://api.github.com/repos/composer/installers/zipball/6aac6a0a931ad06780fa7c574f27178d48109ec7",
                "reference": "6aac6a0a931ad06780fa7c574f27178d48109ec7",
                "shasum": ""
            },
            "require": {
                "composer-plugin-api": "^1.0"
            },
            "replace": {
                "roundcube/plugin-installer": "*",
                "shama/baton": "*"
            },
            "require-dev": {
                "composer/composer": "1.0.*@dev",
                "phpunit/phpunit": "4.1.*"
            },
            "type": "composer-plugin",
            "extra": {
                "class": "Composer\\Installers\\Plugin",
                "branch-alias": {
                    "dev-master": "1.0-dev"
                }
            },
            "autoload": {
                "psr-0": {
                    "Composer\\Installers\\": "src/"
                }
            },
            "notification-url": "https://packagist.org/downloads/",
            "license": [
                "MIT"
            ],
            "authors": [
                {
                    "name": "Kyle Robinson Young",
                    "email": "kyle@dontkry.com",
                    "homepage": "https://github.com/shama"
                }
            ],
            "description": "A multi-framework Composer library installer",
            "homepage": "https://composer.github.io/installers/",
            "keywords": [
                "Craft",
                "Dolibarr",
                "Hurad",
                "MODX Evo",
                "Mautic",
                "OXID",
                "SMF",
                "Thelia",
                "WolfCMS",
                "agl",
                "aimeos",
                "annotatecms",
                "bitrix",
                "cakephp",
                "chef",
                "codeigniter",
                "concrete5",
                "croogo",
                "dokuwiki",
                "drupal",
                "elgg",
                "fuelphp",
                "grav",
                "installer",
                "joomla",
                "kohana",
                "laravel",
                "lithium",
                "magento",
                "mako",
                "mediawiki",
                "modulework",
                "moodle",
                "phpbb",
                "piwik",
                "ppi",
                "puppet",
                "roundcube",
                "shopware",
                "silverstripe",
                "symfony",
                "typo3",
                "wordpress",
                "zend",
                "zikula"
            ],
            "time": "2016-03-23 16:25:33"
        },
        {
            "name": "container-interop/container-interop",
            "version": "1.1.0",
            "source": {
                "type": "git",
                "url": "https://github.com/container-interop/container-interop.git",
                "reference": "fc08354828f8fd3245f77a66b9e23a6bca48297e"
            },
            "dist": {
                "type": "zip",
                "url": "https://api.github.com/repos/container-interop/container-interop/zipball/fc08354828f8fd3245f77a66b9e23a6bca48297e",
                "reference": "fc08354828f8fd3245f77a66b9e23a6bca48297e",
                "shasum": ""
            },
            "type": "library",
            "autoload": {
                "psr-4": {
                    "Interop\\Container\\": "src/Interop/Container/"
                }
            },
            "notification-url": "https://packagist.org/downloads/",
            "license": [
                "MIT"
            ],
            "description": "Promoting the interoperability of container objects (DIC, SL, etc.)",
            "time": "2014-12-30 15:22:37"
        },
        {
            "name": "fzaninotto/streamer",
            "version": "0.0.1",
            "source": {
                "type": "git",
                "url": "https://github.com/fzaninotto/Streamer.git",
                "reference": "088c5baeb55794c1445011f90c40ca7f854bf9f3"
            },
            "dist": {
                "type": "zip",
                "url": "https://api.github.com/repos/fzaninotto/Streamer/zipball/088c5baeb55794c1445011f90c40ca7f854bf9f3",
                "reference": "088c5baeb55794c1445011f90c40ca7f854bf9f3",
                "shasum": ""
            },
            "require": {
                "php": ">=5.3.0"
            },
            "type": "library",
            "autoload": {
                "psr-0": {
                    "Streamer": "."
                }
            },
            "notification-url": "https://packagist.org/downloads/",
            "license": [
                "MIT"
            ],
            "authors": [
                {
                    "name": "Francois Zaninotto"
                }
            ],
            "description": "Object-oriented API to PHP streams",
            "homepage": "https://github.com/fzaninotto/Streamer",
            "time": "2012-07-02 21:44:09"
        },
        {
            "name": "jeremykendall/php-domain-parser",
            "version": "3.0.0",
            "source": {
                "type": "git",
                "url": "https://github.com/jeremykendall/php-domain-parser.git",
                "reference": "896e7e70f02bd4fd77190052799bc61e4d779672"
            },
            "dist": {
                "type": "zip",
                "url": "https://api.github.com/repos/jeremykendall/php-domain-parser/zipball/896e7e70f02bd4fd77190052799bc61e4d779672",
                "reference": "896e7e70f02bd4fd77190052799bc61e4d779672",
                "shasum": ""
            },
            "require": {
                "ext-curl": "*",
                "ext-intl": "*",
                "ext-mbstring": "*",
                "php": ">=5.3.0"
            },
            "require-dev": {
                "jeremykendall/debug-die": "0.0.1.*",
                "mikey179/vfsstream": "~1.4",
                "phpunit/phpunit": "~4.4"
            },
            "bin": [
                "bin/parse",
                "bin/update-psl"
            ],
            "type": "library",
            "autoload": {
                "psr-0": {
                    "Pdp\\": "src/"
                },
                "files": [
                    "src/pdp-parse-url.php"
                ]
            },
            "notification-url": "https://packagist.org/downloads/",
            "license": [
                "MIT"
            ],
            "authors": [
                {
                    "name": "Jeremy Kendall",
                    "homepage": "http://about.me/jeremykendall",
                    "role": "Developer"
                },
                {
                    "name": "Contributors",
                    "homepage": "https://github.com/jeremykendall/php-domain-parser/graphs/contributors"
                }
            ],
            "description": "Public Suffix List based URL parsing implemented in PHP.",
            "homepage": "https://github.com/jeremykendall/php-domain-parser",
            "keywords": [
                "Public Suffix List",
                "domain parsing",
                "url parsing"
            ],
            "time": "2015-03-30 12:49:45"
        },
        {
            "name": "league/container",
            "version": "dev-master",
            "source": {
                "type": "git",
                "url": "https://github.com/thephpleague/container.git",
                "reference": "c0e7d947b690891f700dc4967ead7bdb3d6708c1"
            },
            "dist": {
                "type": "zip",
                "url": "https://api.github.com/repos/thephpleague/container/zipball/c0e7d947b690891f700dc4967ead7bdb3d6708c1",
                "reference": "c0e7d947b690891f700dc4967ead7bdb3d6708c1",
                "shasum": ""
            },
            "require": {
                "container-interop/container-interop": "^1.1",
                "php": ">=5.4.0"
            },
            "provide": {
                "container-interop/container-interop-implementation": "^1.1"
            },
            "replace": {
                "orno/di": "~2.0"
            },
            "require-dev": {
                "phpunit/phpunit": "4.*"
            },
            "type": "library",
            "extra": {
                "branch-alias": {
                    "dev-master": "2.x-dev",
                    "dev-1.x": "1.x-dev"
                }
            },
            "autoload": {
                "psr-4": {
                    "League\\Container\\": "src"
                }
            },
            "notification-url": "https://packagist.org/downloads/",
            "license": [
                "MIT"
            ],
            "authors": [
                {
                    "name": "Phil Bennett",
                    "email": "philipobenito@gmail.com",
                    "homepage": "http://www.philipobenito.com",
                    "role": "Developer"
                }
            ],
            "description": "A fast and intuitive dependency injection container.",
            "homepage": "https://github.com/thephpleague/container",
            "keywords": [
                "container",
                "dependency",
                "di",
                "injection",
                "league",
                "provider",
                "service"
            ],
            "time": "2016-03-17 11:07:59"
        },
        {
            "name": "league/fractal",
            "version": "dev-master",
            "source": {
                "type": "git",
                "url": "https://github.com/thephpleague/fractal.git",
                "reference": "1a78f76c004009761e9a686f53239ac942bd1ca2"
            },
            "dist": {
                "type": "zip",
                "url": "https://api.github.com/repos/thephpleague/fractal/zipball/1a78f76c004009761e9a686f53239ac942bd1ca2",
                "reference": "1a78f76c004009761e9a686f53239ac942bd1ca2",
                "shasum": ""
            },
            "require": {
                "php": ">=5.4"
            },
            "require-dev": {
                "illuminate/contracts": "~5.0",
                "mockery/mockery": "~0.9",
                "pagerfanta/pagerfanta": "~1.0.0",
                "phpunit/phpunit": "~4.0",
                "squizlabs/php_codesniffer": "~1.5",
                "zendframework/zend-paginator": "~2.3"
            },
            "suggest": {
                "illuminate/pagination": "The Illuminate Pagination component.",
                "pagerfanta/pagerfanta": "Pagerfanta Paginator",
                "zendframework/zend-paginator": "Zend Framework Paginator"
            },
            "type": "library",
            "extra": {
                "branch-alias": {
                    "dev-master": "0.13-dev"
                }
            },
            "autoload": {
                "psr-4": {
                    "League\\Fractal\\": "src"
                }
            },
            "notification-url": "https://packagist.org/downloads/",
            "license": [
                "MIT"
            ],
            "authors": [
                {
                    "name": "Phil Sturgeon",
                    "email": "me@philsturgeon.uk",
                    "homepage": "http://philsturgeon.uk/",
                    "role": "Developer"
                }
            ],
            "description": "Handle the output of complex data structures ready for API output.",
            "homepage": "http://fractal.thephpleague.com/",
            "keywords": [
                "api",
                "json",
                "league",
                "rest"
            ],
            "time": "2016-03-09 14:13:52"
        },
        {
            "name": "league/route",
            "version": "dev-master",
            "source": {
                "type": "git",
                "url": "https://github.com/thephpleague/route.git",
                "reference": "b818b076056ea2898ac24d5f8dd140fbc79b858d"
            },
            "dist": {
                "type": "zip",
                "url": "https://api.github.com/repos/thephpleague/route/zipball/b818b076056ea2898ac24d5f8dd140fbc79b858d",
                "reference": "b818b076056ea2898ac24d5f8dd140fbc79b858d",
                "shasum": ""
            },
            "require": {
                "league/container": "^2.0",
                "nikic/fast-route": "^0.7",
                "php": ">=5.4.0",
                "psr/http-message": "^1.0"
            },
            "replace": {
                "orno/http": "~1.0",
                "orno/route": "~1.0"
            },
            "require-dev": {
                "phpunit/phpunit": "^4.0"
            },
            "type": "library",
            "extra": {
                "branch-alias": {
                    "dev-master": "2.x-dev",
                    "1.x": "1.x-dev"
                }
            },
            "autoload": {
                "psr-4": {
                    "League\\Route\\": "src"
                }
            },
            "notification-url": "https://packagist.org/downloads/",
            "license": [
                "MIT"
            ],
            "authors": [
                {
                    "name": "Phil Bennett",
                    "email": "philipobenito@gmail.com",
                    "homepage": "http://www.philipobenito.com",
                    "role": "Developer"
                }
            ],
            "description": "A fast routing and dispatch package built on top of FastRoute.",
            "homepage": "https://github.com/thephpleague/route",
            "keywords": [
                "dispatcher",
                "league",
                "psr-7",
                "psr7",
                "route"
            ],
            "time": "2016-03-17 16:46:01"
        },
        {
            "name": "league/uri",
            "version": "dev-master",
            "source": {
                "type": "git",
                "url": "https://github.com/thephpleague/uri.git",
                "reference": "1cc9ad8ea589439b8c4e2adf0317bacb931e32cc"
            },
            "dist": {
                "type": "zip",
                "url": "https://api.github.com/repos/thephpleague/uri/zipball/1cc9ad8ea589439b8c4e2adf0317bacb931e32cc",
                "reference": "1cc9ad8ea589439b8c4e2adf0317bacb931e32cc",
                "shasum": ""
            },
            "require": {
                "ext-fileinfo": "*",
                "ext-intl": "*",
                "ext-mbstring": "*",
                "jeremykendall/php-domain-parser": "^3.0",
                "php": ">=5.5.9",
                "psr/http-message": "^1.0"
            },
            "require-dev": {
                "fabpot/php-cs-fixer": "^1.9",
                "phpunit/phpunit": "^4.0"
            },
            "type": "library",
            "extra": {
                "branch-alias": {
                    "dev-master": "4.1-dev"
                }
            },
            "autoload": {
                "psr-4": {
                    "League\\Uri\\": "src"
                }
            },
            "notification-url": "https://packagist.org/downloads/",
            "license": [
                "MIT"
            ],
            "authors": [
                {
                    "name": "Ignace Nyamagana Butera",
                    "email": "nyamsprod@gmail.com",
                    "homepage": "https://nyamsprod.com"
                }
            ],
            "description": "URI manipulation library",
            "homepage": "http://url.thephpleague.com",
            "keywords": [
                "data",
                "data-uri",
                "ftp",
                "http",
                "parse_url",
                "psr-7",
                "rfc3986",
                "uri",
                "url",
                "ws"
            ],
            "time": "2016-03-21 09:41:21"
        },
        {
            "name": "nikic/fast-route",
            "version": "v0.7.0",
            "source": {
                "type": "git",
                "url": "https://github.com/nikic/FastRoute.git",
                "reference": "8164b4a0d8afde4eae5f1bfc39084972ba23ad36"
            },
            "dist": {
                "type": "zip",
                "url": "https://api.github.com/repos/nikic/FastRoute/zipball/8164b4a0d8afde4eae5f1bfc39084972ba23ad36",
                "reference": "8164b4a0d8afde4eae5f1bfc39084972ba23ad36",
                "shasum": ""
            },
            "require": {
                "php": ">=5.4.0"
            },
            "type": "library",
            "autoload": {
                "psr-4": {
                    "FastRoute\\": "src/"
                },
                "files": [
                    "src/functions.php"
                ]
            },
            "notification-url": "https://packagist.org/downloads/",
            "license": [
                "BSD-3-Clause"
            ],
            "authors": [
                {
                    "name": "Nikita Popov",
                    "email": "nikic@php.net"
                }
            ],
            "description": "Fast request router for PHP",
            "keywords": [
                "router",
                "routing"
            ],
            "time": "2015-12-20 19:50:12"
        },
        {
            "name": "psr/http-message",
            "version": "dev-master",
            "source": {
                "type": "git",
                "url": "https://github.com/php-fig/http-message.git",
                "reference": "85d63699f0dbedb190bbd4b0d2b9dc707ea4c298"
            },
            "dist": {
                "type": "zip",
                "url": "https://api.github.com/repos/php-fig/http-message/zipball/85d63699f0dbedb190bbd4b0d2b9dc707ea4c298",
                "reference": "85d63699f0dbedb190bbd4b0d2b9dc707ea4c298",
                "shasum": ""
            },
            "require": {
                "php": ">=5.3.0"
            },
            "type": "library",
            "extra": {
                "branch-alias": {
                    "dev-master": "1.0.x-dev"
                }
            },
            "autoload": {
                "psr-4": {
                    "Psr\\Http\\Message\\": "src/"
                }
            },
            "notification-url": "https://packagist.org/downloads/",
            "license": [
                "MIT"
            ],
            "authors": [
                {
                    "name": "PHP-FIG",
                    "homepage": "http://www.php-fig.org/"
                }
            ],
            "description": "Common interface for HTTP messages",
            "keywords": [
                "http",
                "http-message",
                "psr",
                "psr-7",
                "request",
                "response"
            ],
            "time": "2015-05-04 20:22:00"
        },
        {
            "name": "relay/relay",
            "version": "1.x-dev",
            "source": {
                "type": "git",
                "url": "https://github.com/relayphp/Relay.Relay.git",
                "reference": "e835fc45351b7a92a6fdf2a36be7bd59ef56c8ae"
            },
            "dist": {
                "type": "zip",
                "url": "https://api.github.com/repos/relayphp/Relay.Relay/zipball/e835fc45351b7a92a6fdf2a36be7bd59ef56c8ae",
                "reference": "e835fc45351b7a92a6fdf2a36be7bd59ef56c8ae",
                "shasum": ""
            },
            "require": {
                "php": ">=5.5.0",
                "psr/http-message": "~1.0"
            },
            "require-dev": {
                "zendframework/zend-diactoros": "~1.0"
            },
            "type": "library",
            "autoload": {
                "psr-4": {
                    "Relay\\": "src/"
                }
            },
            "notification-url": "https://packagist.org/downloads/",
            "license": [
                "MIT"
            ],
            "authors": [
                {
                    "name": "Relay.Relay Contributors",
                    "homepage": "https://github.com/relayphp/Relay.Relay/contributors"
                }
            ],
            "description": "A PSR-7 middleware dispatcher.",
            "homepage": "https://github.com/relayphp/Relay.Relay",
            "keywords": [
                "middleware",
                "psr-7"
            ],
            "time": "2015-12-17 18:18:30"
        },
        {
            "name": "respect/validation",
            "version": "dev-master",
            "source": {
                "type": "git",
                "url": "https://github.com/Respect/Validation.git",
                "reference": "f40eb63d7b640697f612d513ea47b61c6a3f6293"
            },
            "dist": {
                "type": "zip",
                "url": "https://api.github.com/repos/Respect/Validation/zipball/f40eb63d7b640697f612d513ea47b61c6a3f6293",
                "reference": "f40eb63d7b640697f612d513ea47b61c6a3f6293",
                "shasum": ""
            },
            "require": {
                "php": ">=5.4"
            },
            "require-dev": {
                "egulias/email-validator": "~1.2",
                "malkusch/bav": "~1.0",
                "mikey179/vfsstream": "^1.5",
                "phpunit/phpunit": "~4.0",
                "symfony/validator": "~2.6.9",
                "zendframework/zend-validator": "~2.3"
            },
            "suggest": {
                "egulias/email-validator": "Strict (RFC compliant) email validation",
                "ext-bcmath": "Arbitrary Precision Mathematics",
                "ext-mbstring": "Multibyte String Functions",
                "fabpot/php-cs-fixer": "Fix PSR2 and other coding style issues",
                "malkusch/bav": "German bank account validation",
                "symfony/validator": "Use Symfony validator through Respect\\Validation",
                "zendframework/zend-validator": "Use Zend Framework validator through Respect\\Validation"
            },
            "type": "library",
            "extra": {
                "branch-alias": {
                    "dev-master": "1.1-dev"
                }
            },
            "autoload": {
                "psr-4": {
                    "Respect\\Validation\\": "library/"
                }
            },
            "notification-url": "https://packagist.org/downloads/",
            "license": [
                "BSD Style"
            ],
            "authors": [
                {
                    "name": "Respect/Validation Contributors",
                    "homepage": "https://github.com/Respect/Validation/graphs/contributors"
                }
            ],
            "description": "The most awesome validation engine ever created for PHP",
            "homepage": "http://respect.github.io/Validation/",
            "keywords": [
                "respect",
                "validation",
                "validator"
            ],
            "time": "2016-03-05 00:48:25"
        }
    ],
    "packages-dev": [],
    "aliases": [],
    "minimum-stability": "dev",
    "stability-flags": {
        "airtype/craft-httpmessagescachemiddleware": 20,
        "airtype/craft-httpmessagescommercemiddleware": 20,
        "airtype/craft-httpmessagesfractalmiddleware": 20,
        "airtype/craft-httpmessagesrestmiddleware": 20,
        "airtype/craft-httpmessagesvalidationmiddleware": 20
    },
    "prefer-stable": false,
    "prefer-lowest": false,
    "platform": [],
    "platform-dev": []
}
